// !$*UTF8*$!
{
	archiveVersion = 1;
	classes = {
	};
	objectVersion = 50;
	objects = {

/* Begin PBXBuildFile section */
		6B6FB3B624D45AF20050DE25 /* AppDelegate.swift in Sources */ = {isa = PBXBuildFile; fileRef = 6B6FB3B524D45AF20050DE25 /* AppDelegate.swift */; };
		6B6FB3B824D45AF20050DE25 /* SceneDelegate.swift in Sources */ = {isa = PBXBuildFile; fileRef = 6B6FB3B724D45AF20050DE25 /* SceneDelegate.swift */; };
		6B6FB3BA24D45AF20050DE25 /* ContentView.swift in Sources */ = {isa = PBXBuildFile; fileRef = 6B6FB3B924D45AF20050DE25 /* ContentView.swift */; };
		6B6FB3BC24D45AF60050DE25 /* Assets.xcassets in Resources */ = {isa = PBXBuildFile; fileRef = 6B6FB3BB24D45AF60050DE25 /* Assets.xcassets */; };
		6B6FB3BF24D45AF60050DE25 /* Preview Assets.xcassets in Resources */ = {isa = PBXBuildFile; fileRef = 6B6FB3BE24D45AF60050DE25 /* Preview Assets.xcassets */; };
		6B6FB3C224D45AF60050DE25 /* LaunchScreen.storyboard in Resources */ = {isa = PBXBuildFile; fileRef = 6B6FB3C024D45AF60050DE25 /* LaunchScreen.storyboard */; };
/* End PBXBuildFile section */

/* Begin PBXFileReference section */
		6B6FB3B224D45AF20050DE25 /* stackSwiftUI.app */ = {isa = PBXFileReference; explicitFileType = wrapper.application; includeInIndex = 0; path = stackSwiftUI.app; sourceTree = BUILT_PRODUCTS_DIR; };
		6B6FB3B524D45AF20050DE25 /* AppDelegate.swift */ = {isa = PBXFileReference; lastKnownFileType = sourcecode.swift; path = AppDelegate.swift; sourceTree = "<group>"; };
		6B6FB3B724D45AF20050DE25 /* SceneDelegate.swift */ = {isa = PBXFileReference; lastKnownFileType = sourcecode.swift; path = SceneDelegate.swift; sourceTree = "<group>"; };
		6B6FB3B924D45AF20050DE25 /* ContentView.swift */ = {isa = PBXFileReference; lastKnownFileType = sourcecode.swift; path = ContentView.swift; sourceTree = "<group>"; };
		6B6FB3BB24D45AF60050DE25 /* Assets.xcassets */ = {isa = PBXFileReference; lastKnownFileType = folder.assetcatalog; path = Assets.xcassets; sourceTree = "<group>"; };
		6B6FB3BE24D45AF60050DE25 /* Preview Assets.xcassets */ = {isa = PBXFileReference; lastKnownFileType = folder.assetcatalog; path = "Preview Assets.xcassets"; sourceTree = "<group>"; };
		6B6FB3C124D45AF60050DE25 /* Base */ = {isa = PBXFileReference; lastKnownFileType = file.storyboard; name = Base; path = Base.lproj/LaunchScreen.storyboard; sourceTree = "<group>"; };
		6B6FB3C324D45AF60050DE25 /* Info.plist */ = {isa = PBXFileReference; lastKnownFileType = text.plist.xml; path = Info.plist; sourceTree = "<group>"; };
/* End PBXFileReference section */

/* Begin PBXFrameworksBuildPhase section */
		6B6FB3AF24D45AF20050DE25 /* Frameworks */ = {
			isa = PBXFrameworksBuildPhase;
			buildActionMask = 2147483647;
			files = (
			);
			runOnlyForDeploymentPostprocessing = 0;
		};
/* End PBXFrameworksBuildPhase section */

/* Begin PBXGroup section */
		6B6FB3A924D45AF20050DE25 = {
			isa = PBXGroup;
			children = (
				6B6FB3B424D45AF20050DE25 /* stackSwiftUI */,
				6B6FB3B324D45AF20050DE25 /* Products */,
			);
			sourceTree = "<group>";
		};
		6B6FB3B324D45AF20050DE25 /* Products */ = {
			isa = PBXGroup;
			children = (
				6B6FB3B224D45AF20050DE25 /* stackSwiftUI.app */,
			);
			name = Products;
			sourceTree = "<group>";
		};
		6B6FB3B424D45AF20050DE25 /* stackSwiftUI */ = {
			isa = PBXGroup;
			children = (
				6B6FB3B524D45AF20050DE25 /* AppDelegate.swift */,
				6B6FB3B724D45AF20050DE25 /* SceneDelegate.swift */,
				6B6FB3B924D45AF20050DE25 /* ContentView.swift */,
				6B6FB3BB24D45AF60050DE25 /* Assets.xcassets */,
				6B6FB3C024D45AF60050DE25 /* LaunchScreen.storyboard */,
				6B6FB3C324D45AF60050DE25 /* Info.plist */,
				6B6FB3BD24D45AF60050DE25 /* Preview Content */,
			);
			path = stackSwiftUI;
			sourceTree = "<group>";
		};
		6B6FB3BD24D45AF60050DE25 /* Preview Content */ = {
			isa = PBXGroup;
			children = (
				6B6FB3BE24D45AF60050DE25 /* Preview Assets.xcassets */,
			);
			path = "Preview Content";
			sourceTree = "<group>";
		};
/* End PBXGroup section */

/* Begin PBXNativeTarget section */
		6B6FB3B124D45AF20050DE25 /* stackSwiftUI */ = {
			isa = PBXNativeTarget;
			buildConfigurationList = 6B6FB3C624D45AF60050DE25 /* Build configuration list for PBXNativeTarget "stackSwiftUI" */;
			buildPhases = (
				6B6FB3AE24D45AF20050DE25 /* Sources */,
				6B6FB3AF24D45AF20050DE25 /* Frameworks */,
				6B6FB3B024D45AF20050DE25 /* Resources */,
			);
			buildRules = (
			);
			dependencies = (
			);
			name = stackSwiftUI;
			productName = stackSwiftUI;
			productReference = 6B6FB3B224D45AF20050DE25 /* stackSwiftUI.app */;
			productType = "com.apple.product-type.application";
		};
/* End PBXNativeTarget section */

/* Begin PBXProject section */
		6B6FB3AA24D45AF20050DE25 /* Project object */ = {
			isa = PBXProject;
			attributes = {
				LastSwiftUpdateCheck = 1160;
				LastUpgradeCheck = 1160;
				ORGANIZATIONNAME = "Carlos Erices mendez";
				TargetAttributes = {
					6B6FB3B124D45AF20050DE25 = {
						CreatedOnToolsVersion = 11.6;
					};
				};
			};
			buildConfigurationList = 6B6FB3AD24D45AF20050DE25 /* Build configuration list for PBXProject "stackSwiftUI" */;
			compatibilityVersion = "Xcode 9.3";
			developmentRegion = en;
			hasScannedForEncodings = 0;
			knownRegions = (
				en,
				Base,
			);
			mainGroup = 6B6FB3A924D45AF20050DE25;
			productRefGroup = 6B6FB3B324D45AF20050DE25 /* Products */;
			projectDirPath = "";
			projectRoot = "";
			targets = (
				6B6FB3B124D45AF20050DE25 /* stackSwiftUI */,
			);
		};
/* End PBXProject section */

/* Begin PBXResourcesBuildPhase section */
		6B6FB3B024D45AF20050DE25 /* Resources */ = {
			isa = PBXResourcesBuildPhase;
			buildActionMask = 2147483647;
			files = (
				6B6FB3C224D45AF60050DE25 /* LaunchScreen.storyboard in Resources */,
				6B6FB3BF24D45AF60050DE25 /* Preview Assets.xcassets in Resources */,
				6B6FB3BC24D45AF60050DE25 /* Assets.xcassets in Resources */,
			);
			runOnlyForDeploymentPostprocessing = 0;
		};
/* End PBXResourcesBuildPhase section */

/* Begin PBXSourcesBuildPhase section */
		6B6FB3AE24D45AF20050DE25 /* Sources */ = {
			isa = PBXSourcesBuildPhase;
			buildActionMask = 2147483647;
			files = (
				6B6FB3B624D45AF20050DE25 /* AppDelegate.swift in Sources */,
				6B6FB3B824D45AF20050DE25 /* SceneDelegate.swift in Sources */,
				6B6FB3BA24D45AF20050DE25 /* ContentView.swift in Sources */,
			);
			runOnlyForDeploymentPostprocessing = 0;
		};
/* End PBXSourcesBuildPhase section */

/* Begin PBXVariantGroup section */
		6B6FB3C024D45AF60050DE25 /* LaunchScreen.storyboard */ = {
			isa = PBXVariantGroup;
			children = (
				6B6FB3C124D45AF60050DE25 /* Base */,
			);
			name = LaunchScreen.storyboard;
			sourceTree = "<group>";
		};
/* End PBXVariantGroup section */

/* Begin XCBuildConfiguration section */
		6B6FB3C424D45AF60050DE25 /* Debug */ = {
			isa = XCBuildConfiguration;
			buildSettings = {
				ALWAYS_SEARCH_USER_PATHS = NO;
				CLANG_ANALYZER_NONNULL = YES;
				CLANG_ANALYZER_NUMBER_OBJECT_CONVERSION = YES_AGGRESSIVE;
				CLANG_CXX_LANGUAGE_STANDARD = "gnu++14";
				CLANG_CXX_LIBRARY = "libc++";
				CLANG_ENABLE_MODULES = YES;
				CLANG_ENABLE_OBJC_ARC = YES;
				CLANG_ENABLE_OBJC_WEAK = YES;
				CLANG_WARN_BLOCK_CAPTURE_AUTORELEASING = YES;
				CLANG_WARN_BOOL_CONVERSION = YES;
				CLANG_WARN_COMMA = YES;
				CLANG_WARN_CONSTANT_CONVERSION = YES;
				CLANG_WARN_DEPRECATED_OBJC_IMPLEMENTATIONS = YES;
				CLANG_WARN_DIRECT_OBJC_ISA_USAGE = YES_ERROR;
				CLANG_WARN_DOCUMENTATION_COMMENTS = YES;
				CLANG_WARN_EMPTY_BODY = YES;
				CLANG_WARN_ENUM_CONVERSION = YES;
				CLANG_WARN_INFINITE_RECURSION = YES;
				CLANG_WARN_INT_CONVERSION = YES;
				CLANG_WARN_NON_LITERAL_NULL_CONVERSION = YES;
				CLANG_WARN_OBJC_IMPLICIT_RETAIN_SELF = YES;
				CLANG_WARN_OBJC_LITERAL_CONVERSION = YES;
				CLANG_WARN_OBJC_ROOT_CLASS = YES_ERROR;
				CLANG_WARN_RANGE_LOOP_ANALYSIS = YES;
				CLANG_WARN_STRICT_PROTOTYPES = YES;
				CLANG_WARN_SUSPICIOUS_MOVE = YES;
				CLANG_WARN_UNGUARDED_AVAILABILITY = YES_AGGRESSIVE;
				CLANG_WARN_UNREACHABLE_CODE = YES;
				CLANG_WARN__DUPLICATE_METHOD_MATCH = YES;
				COPY_PHASE_STRIP = NO;
				DEBUG_INFORMATION_FORMAT = dwarf;
				ENABLE_STRICT_OBJC_MSGSEND = YES;
				ENABLE_TESTABILITY = YES;
				GCC_C_LANGUAGE_STANDARD = gnu11;
				GCC_DYNAMIC_NO_PIC = NO;
				GCC_NO_COMMON_BLOCKS = YES;
				GCC_OPTIMIZATION_LEVEL = 0;
				GCC_PREPROCESSOR_DEFINITIONS = (
					"DEBUG=1",
					"$(inherited)",
				);
				GCC_WARN_64_TO_32_BIT_CONVERSION = YES;
				GCC_WARN_ABOUT_RETURN_TYPE = YES_ERROR;
				GCC_WARN_UNDECLARED_SELECTOR = YES;
				GCC_WARN_UNINITIALIZED_AUTOS = YES_AGGRESSIVE;
				GCC_WARN_UNUSED_FUNCTION = YES;
				GCC_WARN_UNUSED_VARIABLE = YES;
				IPHONEOS_DEPLOYMENT_TARGET = 13.6;
				MTL_ENABLE_DEBUG_INFO = INCLUDE_SOURCE;
				MTL_FAST_MATH = YES;
				ONLY_ACTIVE_ARCH = YES;
				SDKROOT = iphoneos;
				SWIFT_ACTIVE_COMPILATION_CONDITIONS = DEBUG;
				SWIFT_OPTIMIZATION_LEVEL = "-Onone";
			};
			name = Debug;
		};
		6B6FB3C524D45AF60050DE25 /* Release */ = {
			isa = XCBuildConfiguration;
			buildSettings = {
				ALWAYS_SEARCH_USER_PATHS = NO;
				CLANG_ANALYZER_NONNULL = YES;
				CLANG_ANALYZER_NUMBER_OBJECT_CONVERSION = YES_AGGRESSIVE;
				CLANG_CXX_LANGUAGE_STANDARD = "gnu++14";
				CLANG_CXX_LIBRARY = "libc++";
				CLANG_ENABLE_MODULES = YES;
				CLANG_ENABLE_OBJC_ARC = YES;
				CLANG_ENABLE_OBJC_WEAK = YES;
				CLANG_WARN_BLOCK_CAPTURE_AUTORELEASING = YES;
				CLANG_WARN_BOOL_CONVERSION = YES;
				CLANG_WARN_COMMA = YES;
				CLANG_WARN_CONSTANT_CONVERSION = YES;
				CLANG_WARN_DEPRECATED_OBJC_IMPLEMENTATIONS = YES;
				CLANG_WARN_DIRECT_OBJC_ISA_USAGE = YES_ERROR;
				CLANG_WARN_DOCUMENTATION_COMMENTS = YES;
				CLANG_WARN_EMPTY_BODY = YES;
				CLANG_WARN_ENUM_CONVERSION = YES;
				CLANG_WARN_INFINITE_RECURSION = YES;
				CLANG_WARN_INT_CONVERSION = YES;
				CLANG_WARN_NON_LITERAL_NULL_CONVERSION = YES;
				CLANG_WARN_OBJC_IMPLICIT_RETAIN_SELF = YES;
				CLANG_WARN_OBJC_LITERAL_CONVERSION = YES;
				CLANG_WARN_OBJC_ROOT_CLASS = YES_ERROR;
				CLANG_WARN_RANGE_LOOP_ANALYSIS = YES;
				CLANG_WARN_STRICT_PROTOTYPES = YES;
				CLANG_WARN_SUSPICIOUS_MOVE = YES;
				CLANG_WARN_UNGUARDED_AVAILABILITY = YES_AGGRESSIVE;
				CLANG_WARN_UNREACHABLE_CODE = YES;
				CLANG_WARN__DUPLICATE_METHOD_MATCH = YES;
				COPY_PHASE_STRIP = NO;
				DEBUG_INFORMATION_FORMAT = "dwarf-with-dsym";
				ENABLE_NS_ASSERTIONS = NO;
				ENABLE_STRICT_OBJC_MSGSEND = YES;
				GCC_C_LANGUAGE_STANDARD = gnu11;
				GCC_NO_COMMON_BLOCKS = YES;
				GCC_WARN_64_TO_32_BIT_CONVERSION = YES;
				GCC_WARN_ABOUT_RETURN_TYPE = YES_ERROR;
				GCC_WARN_UNDECLARED_SELECTOR = YES;
				GCC_WARN_UNINITIALIZED_AUTOS = YES_AGGRESSIVE;
				GCC_WARN_UNUSED_FUNCTION = YES;
				GCC_WARN_UNUSED_VARIABLE = YES;
				IPHONEOS_DEPLOYMENT_TARGET = 13.6;
				MTL_ENABLE_DEBUG_INFO = NO;
				MTL_FAST_MATH = YES;
				SDKROOT = iphoneos;
				SWIFT_COMPILATION_MODE = wholemodule;
				SWIFT_OPTIMIZATION_LEVEL = "-O";
				VALIDATE_PRODUCT = YES;
			};
			name = Release;
		};
		6B6FB3C724D45AF60050DE25 /* Debug */ = {
			isa = XCBuildConfiguration;
			buildSettings = {
				ASSETCATALOG_COMPILER_APPICON_NAME = AppIcon;
				CODE_SIGN_STYLE = Automatic;
				DEVELOPMENT_ASSET_PATHS = "\"stackSwiftUI/Preview Content\"";
				DEVELOPMENT_TEAM = 2NA33MBU5H;
				ENABLE_PREVIEWS = YES;
				INFOPLIST_FILE = stackSwiftUI/Info.plist;
				LD_RUNPATH_SEARCH_PATHS = (
					"$(inherited)",
					"@executable_path/Frameworks",
				);
				PRODUCT_BUNDLE_IDENTIFIER = com.nicolasdeveloper.stackSwiftUI;
				PRODUCT_NAME = "$(TARGET_NAME)";
				SWIFT_VERSION = 5.0;
				TARGETED_DEVICE_FAMILY = "1,2";
			};
			name = Debug;
		};
		6B6FB3C824D45AF60050DE25 /* Release */ = {
			isa = XCBuildConfiguration;
			buildSettings = {
				ASSETCATALOG_COMPILER_APPICON_NAME = AppIcon;
				CODE_SIGN_STYLE = Automatic;
				DEVELOPMENT_ASSET_PATHS = "\"stackSwiftUI/Preview Content\"";
				DEVELOPMENT_TEAM = 2NA33MBU5H;
				ENABLE_PREVIEWS = YES;
				INFOPLIST_FILE = stackSwiftUI/Info.plist;
				LD_RUNPATH_SEARCH_PATHS = (
					"$(inherited)",
					"@executable_path/Frameworks",
				);
				PRODUCT_BUNDLE_IDENTIFIER = com.nicolasdeveloper.stackSwiftUI;
				PRODUCT_NAME = "$(TARGET_NAME)";
				SWIFT_VERSION = 5.0;
				TARGETED_DEVICE_FAMILY = "1,2";
			};
			name = Release;
		};
/* End XCBuildConfiguration section */

/* Begin XCConfigurationList section */
		6B6FB3AD24D45AF20050DE25 /* Build configuration list for PBXProject "stackSwiftUI" */ = {
			isa = XCConfigurationList;
			buildConfigurations = (
				6B6FB3C424D45AF60050DE25 /* Debug */,
				6B6FB3C524D45AF60050DE25 /* Release */,
			);
			defaultConfigurationIsVisible = 0;
			defaultConfigurationName = Release;
		};
		6B6FB3C624D45AF60050DE25 /* Build configuration list for PBXNativeTarget "stackSwiftUI" */ = {
			isa = XCConfigurationList;
			buildConfigurations = (
				6B6FB3C724D45AF60050DE25 /* Debug */,
				6B6FB3C824D45AF60050DE25 /* Release */,
			);
			defaultConfigurationIsVisible = 0;
			defaultConfigurationName = Release;
		};
/* End XCConfigurationList section */
	};
	rootObject = 6B6FB3AA24D45AF20050DE25 /* Project object */;
}
